
Microsoft Visual Studio Solution File, Format Version 12.00
# Visual Studio 15
VisualStudioVersion = 15.0.28010.2046
MinimumVisualStudioVersion = 10.0.40219.1
Project("{FAE04EC0-301F-11D3-BF4B-00C04F79EFBC}") = "CoreDomain", "CoreDomain\CoreDomain.csproj", "{42D46150-3BBC-49E5-A42E-C49AA3425EEB}"
EndProject
Project("{FAE04EC0-301F-11D3-BF4B-00C04F79EFBC}") = "Account", "Account\Account.csproj", "{5CA05FCB-EBE6-4F6B-8702-08C4FA001B21}"
EndProject
Project("{FAE04EC0-301F-11D3-BF4B-00C04F79EFBC}") = "OrgAccount", "OrgAccount\OrgAccount.csproj", "{94D28860-14A7-46E3-9869-0A6BA5B4F086}"
EndProject
Global
	GlobalSection(SolutionConfigurationPlatforms) = preSolution
		Debug|Any CPU = Debug|Any CPU
		Release|Any CPU = Release|Any CPU
	EndGlobalSection
	GlobalSection(ProjectConfigurationPlatforms) = postSolution
		{42D46150-3BBC-49E5-A42E-C49AA3425EEB}.Debug|Any CPU.ActiveCfg = Debug|Any CPU
		{42D46150-3BBC-49E5-A42E-C49AA3425EEB}.Debug|Any CPU.Build.0 = Debug|Any CPU
		{42D46150-3BBC-49E5-A42E-C49AA3425EEB}.Release|Any CPU.ActiveCfg = Release|Any CPU
		{42D46150-3BBC-49E5-A42E-C49AA3425EEB}.Release|Any CPU.Build.0 = Release|Any CPU
		{5CA05FCB-EBE6-4F6B-8702-08C4FA001B21}.Debug|Any CPU.ActiveCfg = Debug|Any CPU
		{5CA05FCB-EBE6-4F6B-8702-08C4FA001B21}.Debug|Any CPU.Build.0 = Debug|Any CPU
		{5CA05FCB-EBE6-4F6B-8702-08C4FA001B21}.Release|Any CPU.ActiveCfg = Release|Any CPU
		{5CA05FCB-EBE6-4F6B-8702-08C4FA001B21}.Release|Any CPU.Build.0 = Release|Any CPU
		{94D28860-14A7-46E3-9869-0A6BA5B4F086}.Debug|Any CPU.ActiveCfg = Debug|Any CPU
		{94D28860-14A7-46E3-9869-0A6BA5B4F086}.Debug|Any CPU.Build.0 = Debug|Any CPU
		{94D28860-14A7-46E3-9869-0A6BA5B4F086}.Release|Any CPU.ActiveCfg = Release|Any CPU
		{94D28860-14A7-46E3-9869-0A6BA5B4F086}.Release|Any CPU.Build.0 = Release|Any CPU
	EndGlobalSection
	GlobalSection(SolutionProperties) = preSolution
		HideSolutionNode = FALSE
	EndGlobalSection
	GlobalSection(ExtensibilityGlobals) = postSolution
		SolutionGuid = {8585199E-3362-4FB9-AC0B-2332B1B0A0C0}
	EndGlobalSection
EndGlobal
